
Microsoft Visual Studio Solution File, Format Version 12.00
# Visual Studio 15
VisualStudioVersion = 15.0.27703.1
MinimumVisualStudioVersion = 10.0.40219.1
Project("{FAE04EC0-301F-11D3-BF4B-00C04F79EFBC}") = "OilService", "OilService\OilService.csproj", "{43351541-14F4-40C9-874C-2BD111C115B8}"
EndProject
Project("{FAE04EC0-301F-11D3-BF4B-00C04F79EFBC}") = "OilServiceTests", "OilServiceTests\OilServiceTests.csproj", "{9FA5CC6C-216A-49DC-8E83-5A3A08717D8C}"
EndProject
Global
	GlobalSection(SolutionConfigurationPlatforms) = preSolution
		Debug|Any CPU = Debug|Any CPU
		Release|Any CPU = Release|Any CPU
	EndGlobalSection
	GlobalSection(ProjectConfigurationPlatforms) = postSolution
		{43351541-14F4-40C9-874C-2BD111C115B8}.Debug|Any CPU.ActiveCfg = Debug|Any CPU
		{43351541-14F4-40C9-874C-2BD111C115B8}.Debug|Any CPU.Build.0 = Debug|Any CPU
		{43351541-14F4-40C9-874C-2BD111C115B8}.Release|Any CPU.ActiveCfg = Release|Any CPU
		{43351541-14F4-40C9-874C-2BD111C115B8}.Release|Any CPU.Build.0 = Release|Any CPU
		{9FA5CC6C-216A-49DC-8E83-5A3A08717D8C}.Debug|Any CPU.ActiveCfg = Debug|Any CPU
		{9FA5CC6C-216A-49DC-8E83-5A3A08717D8C}.Debug|Any CPU.Build.0 = Debug|Any CPU
		{9FA5CC6C-216A-49DC-8E83-5A3A08717D8C}.Release|Any CPU.ActiveCfg = Release|Any CPU
		{9FA5CC6C-216A-49DC-8E83-5A3A08717D8C}.Release|Any CPU.Build.0 = Release|Any CPU
	EndGlobalSection
	GlobalSection(SolutionProperties) = preSolution
		HideSolutionNode = FALSE
	EndGlobalSection
	GlobalSection(ExtensibilityGlobals) = postSolution
		SolutionGuid = {7F1794E0-4C2A-47F4-A7DF-029E72192435}
	EndGlobalSection
EndGlobal
